{
  "version": 4,
  "terraform_version": "1.12.2",
  "serial": 22,
  "lineage": "0449508b-b9ad-8914-b289-d96ee7d66f6a",
  "outputs": {
    "cf_sa_email": {
      "value": "snapshot-deleter-cf-sa@true-etching-426207-p8.iam.gserviceaccount.com",
      "type": "string"
    },
    "function_url": {
      "value": null,
      "type": "string"
    },
    "scheduler_sa_email": {
      "value": "snapshot-scheduler-sa@true-etching-426207-p8.iam.gserviceaccount.com",
      "type": "string"
    }
  },
  "resources": [
    {
      "mode": "managed",
      "type": "google_cloudfunctions2_function",
      "name": "snapshot_deleter",
      "provider": "provider[\"registry.terraform.io/hashicorp/google\"]",
      "instances": [
        {
          "status": "tainted",
          "schema_version": 0,
          "attributes": {
            "build_config": [
              {
                "automatic_update_policy": [],
                "build": "",
                "docker_repository": "",
                "entry_point": "delete_old_snapshots",
                "environment_variables": {
                  "DAYS_THRESHOLD": "1",
                  "ORG_ID": "",
                  "REPORT_BUCKET": "my-snapshot-report-bucket"
                },
                "on_deploy_update_policy": [],
                "runtime": "python311",
                "service_account": "",
                "source": [
                  {
                    "repo_source": [],
                    "storage_source": [
                      {
                        "bucket": "my-snapshot-function-bucket",
                        "generation": 0,
                        "object": "gcp-snapshot-cf-private.zip"
                      }
                    ]
                  }
                ],
                "worker_pool": ""
              }
            ],
            "description": null,
            "effective_labels": {
              "goog-terraform-provisioned": "true"
            },
            "environment": null,
            "event_trigger": [],
            "id": "projects/true-etching-426207-p8/locations/us-central1/functions/delete-old-snapshots",
            "kms_key_name": null,
            "labels": null,
            "location": "us-central1",
            "name": "delete-old-snapshots",
            "project": "true-etching-426207-p8",
            "service_config": [
              {
                "all_traffic_on_latest_revision": true,
                "available_cpu": "",
                "available_memory": "512M",
                "binary_authorization_policy": "",
                "environment_variables": {},
                "gcf_uri": "",
                "ingress_settings": "ALLOW_ALL",
                "max_instance_count": 0,
                "max_instance_request_concurrency": 0,
                "min_instance_count": 0,
                "secret_environment_variables": [],
                "secret_volumes": [],
                "service": "",
                "service_account_email": "snapshot-deleter-cf-sa@true-etching-426207-p8.iam.gserviceaccount.com",
                "timeout_seconds": 540,
                "uri": "",
                "vpc_connector": "",
                "vpc_connector_egress_settings": ""
              }
            ],
            "state": null,
            "terraform_labels": {
              "goog-terraform-provisioned": "true"
            },
            "timeouts": null,
            "update_time": null,
            "url": null
          },
          "sensitive_attributes": [],
          "identity_schema_version": 0,
          "private": "eyJlMmJmYjczMC1lY2FhLTExZTYtOGY4OC0zNDM2M2JjN2M0YzAiOnsiY3JlYXRlIjozNjAwMDAwMDAwMDAwLCJkZWxldGUiOjM2MDAwMDAwMDAwMDAsInVwZGF0ZSI6MzYwMDAwMDAwMDAwMH19",
          "dependencies": [
            "google_service_account.cf_sa",
            "google_storage_bucket.function_source"
          ]
        }
      ]
    },
    {
      "mode": "managed",
      "type": "google_project_iam_member",
      "name": "cf_sa_compute_delete",
      "provider": "provider[\"registry.terraform.io/hashicorp/google\"]",
      "instances": [
        {
          "schema_version": 0,
          "attributes": {
            "condition": [],
            "etag": "BwY+77K/QTA=",
            "id": "true-etching-426207-p8/roles/compute.storageAdmin/serviceAccount:snapshot-deleter-cf-sa@true-etching-426207-p8.iam.gserviceaccount.com",
            "member": "serviceAccount:snapshot-deleter-cf-sa@true-etching-426207-p8.iam.gserviceaccount.com",
            "project": "true-etching-426207-p8",
            "role": "roles/compute.storageAdmin"
          },
          "sensitive_attributes": [],
          "identity_schema_version": 0,
          "private": "bnVsbA==",
          "dependencies": [
            "google_service_account.cf_sa"
          ]
        }
      ]
    },
    {
      "mode": "managed",
      "type": "google_project_iam_member",
      "name": "cf_sa_compute_viewer",
      "provider": "provider[\"registry.terraform.io/hashicorp/google\"]",
      "instances": [
        {
          "schema_version": 0,
          "attributes": {
            "condition": [],
            "etag": "BwY+77K/QTA=",
            "id": "true-etching-426207-p8/roles/compute.viewer/serviceAccount:snapshot-deleter-cf-sa@true-etching-426207-p8.iam.gserviceaccount.com",
            "member": "serviceAccount:snapshot-deleter-cf-sa@true-etching-426207-p8.iam.gserviceaccount.com",
            "project": "true-etching-426207-p8",
            "role": "roles/compute.viewer"
          },
          "sensitive_attributes": [],
          "identity_schema_version": 0,
          "private": "bnVsbA==",
          "dependencies": [
            "google_service_account.cf_sa"
          ]
        }
      ]
    },
    {
      "mode": "managed",
      "type": "google_project_iam_member",
      "name": "scheduler_invoker_binding",
      "provider": "provider[\"registry.terraform.io/hashicorp/google\"]",
      "instances": [
        {
          "schema_version": 0,
          "attributes": {
            "condition": [],
            "etag": "BwY+77K/QTA=",
            "id": "true-etching-426207-p8/roles/cloudfunctions.invoker/serviceAccount:snapshot-scheduler-sa@true-etching-426207-p8.iam.gserviceaccount.com",
            "member": "serviceAccount:snapshot-scheduler-sa@true-etching-426207-p8.iam.gserviceaccount.com",
            "project": "true-etching-426207-p8",
            "role": "roles/cloudfunctions.invoker"
          },
          "sensitive_attributes": [],
          "identity_schema_version": 0,
          "private": "bnVsbA==",
          "dependencies": [
            "google_service_account.scheduler_sa"
          ]
        }
      ]
    },
    {
      "mode": "managed",
      "type": "google_project_iam_member",
      "name": "scheduler_pubsub_publisher",
      "provider": "provider[\"registry.terraform.io/hashicorp/google\"]",
      "instances": [
        {
          "schema_version": 0,
          "attributes": {
            "condition": [],
            "etag": "BwY+77K/QTA=",
            "id": "true-etching-426207-p8/roles/pubsub.publisher/serviceAccount:snapshot-scheduler-sa@true-etching-426207-p8.iam.gserviceaccount.com",
            "member": "serviceAccount:snapshot-scheduler-sa@true-etching-426207-p8.iam.gserviceaccount.com",
            "project": "true-etching-426207-p8",
            "role": "roles/pubsub.publisher"
          },
          "sensitive_attributes": [],
          "identity_schema_version": 0,
          "private": "bnVsbA==",
          "dependencies": [
            "google_service_account.scheduler_sa"
          ]
        }
      ]
    },
    {
      "mode": "managed",
      "type": "google_service_account",
      "name": "cf_sa",
      "provider": "provider[\"registry.terraform.io/hashicorp/google\"]",
      "instances": [
        {
          "schema_version": 0,
          "attributes": {
            "account_id": "snapshot-deleter-cf-sa",
            "create_ignore_already_exists": null,
            "description": "",
            "disabled": false,
            "display_name": "Snapshot Deleter Cloud Function SA",
            "email": "snapshot-deleter-cf-sa@true-etching-426207-p8.iam.gserviceaccount.com",
            "id": "projects/true-etching-426207-p8/serviceAccounts/snapshot-deleter-cf-sa@true-etching-426207-p8.iam.gserviceaccount.com",
            "member": "serviceAccount:snapshot-deleter-cf-sa@true-etching-426207-p8.iam.gserviceaccount.com",
            "name": "projects/true-etching-426207-p8/serviceAccounts/snapshot-deleter-cf-sa@true-etching-426207-p8.iam.gserviceaccount.com",
            "project": "true-etching-426207-p8",
            "timeouts": null,
            "unique_id": "118108363315427853434"
          },
          "sensitive_attributes": [],
          "identity_schema_version": 0,
          "private": "eyJlMmJmYjczMC1lY2FhLTExZTYtOGY4OC0zNDM2M2JjN2M0YzAiOnsiY3JlYXRlIjozMDAwMDAwMDAwMDB9fQ=="
        }
      ]
    },
    {
      "mode": "managed",
      "type": "google_service_account",
      "name": "scheduler_sa",
      "provider": "provider[\"registry.terraform.io/hashicorp/google\"]",
      "instances": [
        {
          "schema_version": 0,
          "attributes": {
            "account_id": "snapshot-scheduler-sa",
            "create_ignore_already_exists": null,
            "description": "",
            "disabled": false,
            "display_name": "Scheduler SA for snapshot deleter",
            "email": "snapshot-scheduler-sa@true-etching-426207-p8.iam.gserviceaccount.com",
            "id": "projects/true-etching-426207-p8/serviceAccounts/snapshot-scheduler-sa@true-etching-426207-p8.iam.gserviceaccount.com",
            "member": "serviceAccount:snapshot-scheduler-sa@true-etching-426207-p8.iam.gserviceaccount.com",
            "name": "projects/true-etching-426207-p8/serviceAccounts/snapshot-scheduler-sa@true-etching-426207-p8.iam.gserviceaccount.com",
            "project": "true-etching-426207-p8",
            "timeouts": null,
            "unique_id": "111760157104259370964"
          },
          "sensitive_attributes": [],
          "identity_schema_version": 0,
          "private": "eyJlMmJmYjczMC1lY2FhLTExZTYtOGY4OC0zNDM2M2JjN2M0YzAiOnsiY3JlYXRlIjozMDAwMDAwMDAwMDB9fQ=="
        }
      ]
    },
    {
      "mode": "managed",
      "type": "google_storage_bucket",
      "name": "function_source",
      "provider": "provider[\"registry.terraform.io/hashicorp/google\"]",
      "instances": [
        {
          "schema_version": 4,
          "attributes": {
            "autoclass": [],
            "cors": [],
            "custom_placement_config": [],
            "default_event_based_hold": false,
            "effective_labels": {},
            "enable_object_retention": false,
            "encryption": [],
            "force_destroy": false,
            "hierarchical_namespace": [
              {
                "enabled": false
              }
            ],
            "id": "my-snapshot-function-bucket",
            "ip_filter": [],
            "labels": {},
            "lifecycle_rule": [],
            "location": "US-CENTRAL1",
            "logging": [],
            "name": "my-snapshot-function-bucket",
            "project": "true-etching-426207-p8",
            "project_number": 1361972559,
            "public_access_prevention": "inherited",
            "requester_pays": false,
            "retention_policy": [],
            "rpo": null,
            "self_link": "https://www.googleapis.com/storage/v1/b/my-snapshot-function-bucket",
            "soft_delete_policy": [
              {
                "effective_time": "2025-09-15T15:57:18.593Z",
                "retention_duration_seconds": 604800
              }
            ],
            "storage_class": "STANDARD",
            "terraform_labels": {},
            "time_created": "2025-09-15T15:57:18.593Z",
            "timeouts": null,
            "uniform_bucket_level_access": true,
            "updated": "2025-09-16T19:08:59.547Z",
            "url": "gs://my-snapshot-function-bucket",
            "versioning": [],
            "website": []
          },
          "sensitive_attributes": [],
          "identity_schema_version": 0,
          "private": "eyJlMmJmYjczMC1lY2FhLTExZTYtOGY4OC0zNDM2M2JjN2M0YzAiOnsiY3JlYXRlIjo2MDAwMDAwMDAwMDAsInJlYWQiOjI0MDAwMDAwMDAwMCwidXBkYXRlIjoyNDAwMDAwMDAwMDB9LCJzY2hlbWFfdmVyc2lvbiI6IjQifQ=="
        }
      ]
    }
  ],
  "check_results": null
}
