{
  "version": 4,
  "terraform_version": "1.12.2",
  "serial": 9,
  "lineage": "0449508b-b9ad-8914-b289-d96ee7d66f6a",
  "outputs": {
    "cf_sa_email": {
      "value": "snapshot-deleter-cf-sa@true-etching-426207-p8.iam.gserviceaccount.com",
      "type": "string"
    },
    "function_url": {
      "value": null,
      "type": "string"
    },
    "scheduler_sa_email": {
      "value": "snapshot-scheduler-sa@true-etching-426207-p8.iam.gserviceaccount.com",
      "type": "string"
    }
  },
  "resources": [
    {
      "mode": "managed",
      "type": "google_project_iam_member",
      "name": "cf_sa_compute_delete",
      "provider": "provider[\"registry.terraform.io/hashicorp/google\"]",
      "instances": [
        {
          "schema_version": 0,
          "attributes": {
            "condition": [],
            "etag": "BwY+77K/QTA=",
            "id": "true-etching-426207-p8/roles/compute.storageAdmin/serviceAccount:snapshot-deleter-cf-sa@true-etching-426207-p8.iam.gserviceaccount.com",
            "member": "serviceAccount:snapshot-deleter-cf-sa@true-etching-426207-p8.iam.gserviceaccount.com",
            "project": "true-etching-426207-p8",
            "role": "roles/compute.storageAdmin"
          },
          "sensitive_attributes": [],
          "identity_schema_version": 0,
          "private": "bnVsbA==",
          "dependencies": [
            "google_service_account.cf_sa"
          ]
        }
      ]
    },
    {
      "mode": "managed",
      "type": "google_project_iam_member",
      "name": "cf_sa_compute_viewer",
      "provider": "provider[\"registry.terraform.io/hashicorp/google\"]",
      "instances": [
        {
          "schema_version": 0,
          "attributes": {
            "condition": [],
            "etag": "BwY+77K/QTA=",
            "id": "true-etching-426207-p8/roles/compute.viewer/serviceAccount:snapshot-deleter-cf-sa@true-etching-426207-p8.iam.gserviceaccount.com",
            "member": "serviceAccount:snapshot-deleter-cf-sa@true-etching-426207-p8.iam.gserviceaccount.com",
            "project": "true-etching-426207-p8",
            "role": "roles/compute.viewer"
          },
          "sensitive_attributes": [],
          "identity_schema_version": 0,
          "private": "bnVsbA==",
          "dependencies": [
            "google_service_account.cf_sa"
          ]
        }
      ]
    },
    {
      "mode": "managed",
      "type": "google_project_iam_member",
      "name": "scheduler_invoker_binding",
      "provider": "provider[\"registry.terraform.io/hashicorp/google\"]",
      "instances": [
        {
          "schema_version": 0,
          "attributes": {
            "condition": [],
            "etag": "BwY+77K/QTA=",
            "id": "true-etching-426207-p8/roles/cloudfunctions.invoker/serviceAccount:snapshot-scheduler-sa@true-etching-426207-p8.iam.gserviceaccount.com",
            "member": "serviceAccount:snapshot-scheduler-sa@true-etching-426207-p8.iam.gserviceaccount.com",
            "project": "true-etching-426207-p8",
            "role": "roles/cloudfunctions.invoker"
          },
          "sensitive_attributes": [],
          "identity_schema_version": 0,
          "private": "bnVsbA==",
          "dependencies": [
            "google_service_account.scheduler_sa"
          ]
        }
      ]
    },
    {
      "mode": "managed",
      "type": "google_project_iam_member",
      "name": "scheduler_pubsub_publisher",
      "provider": "provider[\"registry.terraform.io/hashicorp/google\"]",
      "instances": [
        {
          "schema_version": 0,
          "attributes": {
            "condition": [],
            "etag": "BwY+77K/QTA=",
            "id": "true-etching-426207-p8/roles/pubsub.publisher/serviceAccount:snapshot-scheduler-sa@true-etching-426207-p8.iam.gserviceaccount.com",
            "member": "serviceAccount:snapshot-scheduler-sa@true-etching-426207-p8.iam.gserviceaccount.com",
            "project": "true-etching-426207-p8",
            "role": "roles/pubsub.publisher"
          },
          "sensitive_attributes": [],
          "identity_schema_version": 0,
          "private": "bnVsbA==",
          "dependencies": [
            "google_service_account.scheduler_sa"
          ]
        }
      ]
    },
    {
      "mode": "managed",
      "type": "google_service_account",
      "name": "cf_sa",
      "provider": "provider[\"registry.terraform.io/hashicorp/google\"]",
      "instances": [
        {
          "schema_version": 0,
          "attributes": {
            "account_id": "snapshot-deleter-cf-sa",
            "create_ignore_already_exists": null,
            "description": "",
            "disabled": false,
            "display_name": "Snapshot Deleter Cloud Function SA",
            "email": "snapshot-deleter-cf-sa@true-etching-426207-p8.iam.gserviceaccount.com",
            "id": "projects/true-etching-426207-p8/serviceAccounts/snapshot-deleter-cf-sa@true-etching-426207-p8.iam.gserviceaccount.com",
            "member": "serviceAccount:snapshot-deleter-cf-sa@true-etching-426207-p8.iam.gserviceaccount.com",
            "name": "projects/true-etching-426207-p8/serviceAccounts/snapshot-deleter-cf-sa@true-etching-426207-p8.iam.gserviceaccount.com",
            "project": "true-etching-426207-p8",
            "timeouts": null,
            "unique_id": "118108363315427853434"
          },
          "sensitive_attributes": [],
          "identity_schema_version": 0,
          "private": "eyJlMmJmYjczMC1lY2FhLTExZTYtOGY4OC0zNDM2M2JjN2M0YzAiOnsiY3JlYXRlIjozMDAwMDAwMDAwMDB9fQ=="
        }
      ]
    },
    {
      "mode": "managed",
      "type": "google_service_account",
      "name": "scheduler_sa",
      "provider": "provider[\"registry.terraform.io/hashicorp/google\"]",
      "instances": [
        {
          "schema_version": 0,
          "attributes": {
            "account_id": "snapshot-scheduler-sa",
            "create_ignore_already_exists": null,
            "description": "",
            "disabled": false,
            "display_name": "Scheduler SA for snapshot deleter",
            "email": "snapshot-scheduler-sa@true-etching-426207-p8.iam.gserviceaccount.com",
            "id": "projects/true-etching-426207-p8/serviceAccounts/snapshot-scheduler-sa@true-etching-426207-p8.iam.gserviceaccount.com",
            "member": "serviceAccount:snapshot-scheduler-sa@true-etching-426207-p8.iam.gserviceaccount.com",
            "name": "projects/true-etching-426207-p8/serviceAccounts/snapshot-scheduler-sa@true-etching-426207-p8.iam.gserviceaccount.com",
            "project": "true-etching-426207-p8",
            "timeouts": null,
            "unique_id": "111760157104259370964"
          },
          "sensitive_attributes": [],
          "identity_schema_version": 0,
          "private": "eyJlMmJmYjczMC1lY2FhLTExZTYtOGY4OC0zNDM2M2JjN2M0YzAiOnsiY3JlYXRlIjozMDAwMDAwMDAwMDB9fQ=="
        }
      ]
    },
    {
      "mode": "managed",
      "type": "google_storage_bucket",
      "name": "function_source",
      "provider": "provider[\"registry.terraform.io/hashicorp/google\"]",
      "instances": [
        {
          "schema_version": 4,
          "attributes": {
            "autoclass": [],
            "cors": [],
            "custom_placement_config": [],
            "default_event_based_hold": false,
            "effective_labels": {},
            "enable_object_retention": false,
            "encryption": [],
            "force_destroy": false,
            "hierarchical_namespace": [
              {
                "enabled": false
              }
            ],
            "id": "my-snapshot-function-bucket",
            "ip_filter": [],
            "labels": {},
            "lifecycle_rule": [],
            "location": "US-CENTRAL1",
            "logging": [],
            "name": "my-snapshot-function-bucket",
            "project": "true-etching-426207-p8",
            "project_number": 1361972559,
            "public_access_prevention": "inherited",
            "requester_pays": false,
            "retention_policy": [],
            "rpo": null,
            "self_link": "https://www.googleapis.com/storage/v1/b/my-snapshot-function-bucket",
            "soft_delete_policy": [
              {
                "effective_time": "2025-09-15T15:57:18.593Z",
                "retention_duration_seconds": 604800
              }
            ],
            "storage_class": "STANDARD",
            "terraform_labels": {},
            "time_created": "2025-09-15T15:57:18.593Z",
            "timeouts": null,
            "uniform_bucket_level_access": false,
            "updated": "2025-09-15T15:57:18.593Z",
            "url": "gs://my-snapshot-function-bucket",
            "versioning": [],
            "website": []
          },
          "sensitive_attributes": [],
          "identity_schema_version": 0,
          "private": "eyJlMmJmYjczMC1lY2FhLTExZTYtOGY4OC0zNDM2M2JjN2M0YzAiOnsiY3JlYXRlIjo2MDAwMDAwMDAwMDAsInJlYWQiOjI0MDAwMDAwMDAwMCwidXBkYXRlIjoyNDAwMDAwMDAwMDB9LCJzY2hlbWFfdmVyc2lvbiI6IjQifQ=="
        }
      ]
    }
  ],
  "check_results": null
}
